// !$*UTF8*$!
{
	archiveVersion = 1;
	classes = {
	};
	objectVersion = 46;
	objects = {

/* Begin PBXBuildFile section */
		4368ADD61DAE07D0006C38F5 /* main.m in Sources */ = {isa = PBXBuildFile; fileRef = 4368ADD51DAE07D0006C38F5 /* main.m */; };
		4368ADD91DAE07D0006C38F5 /* AppDelegate.m in Sources */ = {isa = PBXBuildFile; fileRef = 4368ADD81DAE07D0006C38F5 /* AppDelegate.m */; };
		4368ADDC1DAE07D0006C38F5 /* ViewController.m in Sources */ = {isa = PBXBuildFile; fileRef = 4368ADDB1DAE07D0006C38F5 /* ViewController.m */; };
		4368ADDF1DAE07D0006C38F5 /* Main.storyboard in Resources */ = {isa = PBXBuildFile; fileRef = 4368ADDD1DAE07D0006C38F5 /* Main.storyboard */; };
		4368ADE11DAE07D0006C38F5 /* Assets.xcassets in Resources */ = {isa = PBXBuildFile; fileRef = 4368ADE01DAE07D0006C38F5 /* Assets.xcassets */; };
		4368ADE41DAE07D0006C38F5 /* LaunchScreen.storyboard in Resources */ = {isa = PBXBuildFile; fileRef = 4368ADE21DAE07D0006C38F5 /* LaunchScreen.storyboard */; };
		4368AE071DAE08B1006C38F5 /* Info.plist in Resources */ = {isa = PBXBuildFile; fileRef = 4368ADED1DAE08B1006C38F5 /* Info.plist */; };
		4368AE081DAE08B1006C38F5 /* MASCompositeConstraint.m in Sources */ = {isa = PBXBuildFile; fileRef = 4368ADEF1DAE08B1006C38F5 /* MASCompositeConstraint.m */; };
		4368AE091DAE08B1006C38F5 /* MASConstraint.m in Sources */ = {isa = PBXBuildFile; fileRef = 4368ADF21DAE08B1006C38F5 /* MASConstraint.m */; };
		4368AE0A1DAE08B1006C38F5 /* MASConstraintMaker.m in Sources */ = {isa = PBXBuildFile; fileRef = 4368ADF41DAE08B1006C38F5 /* MASConstraintMaker.m */; };
		4368AE0B1DAE08B1006C38F5 /* MASLayoutConstraint.m in Sources */ = {isa = PBXBuildFile; fileRef = 4368ADF61DAE08B1006C38F5 /* MASLayoutConstraint.m */; };
		4368AE0C1DAE08B1006C38F5 /* MASViewAttribute.m in Sources */ = {isa = PBXBuildFile; fileRef = 4368ADFA1DAE08B1006C38F5 /* MASViewAttribute.m */; };
		4368AE0D1DAE08B1006C38F5 /* MASViewConstraint.m in Sources */ = {isa = PBXBuildFile; fileRef = 4368ADFC1DAE08B1006C38F5 /* MASViewConstraint.m */; };
		4368AE0E1DAE08B1006C38F5 /* NSArray+MASAdditions.m in Sources */ = {isa = PBXBuildFile; fileRef = 4368ADFE1DAE08B1006C38F5 /* NSArray+MASAdditions.m */; };
		4368AE0F1DAE08B1006C38F5 /* NSLayoutConstraint+MASDebugAdditions.m in Sources */ = {isa = PBXBuildFile; fileRef = 4368AE011DAE08B1006C38F5 /* NSLayoutConstraint+MASDebugAdditions.m */; };
		4368AE101DAE08B1006C38F5 /* View+MASAdditions.m in Sources */ = {isa = PBXBuildFile; fileRef = 4368AE031DAE08B1006C38F5 /* View+MASAdditions.m */; };
		4368AE111DAE08B1006C38F5 /* ViewController+MASAdditions.m in Sources */ = {isa = PBXBuildFile; fileRef = 4368AE061DAE08B1006C38F5 /* ViewController+MASAdditions.m */; };
		4368AE141DAE08BD006C38F5 /* DJWeatherController.m in Sources */ = {isa = PBXBuildFile; fileRef = 4368AE131DAE08BD006C38F5 /* DJWeatherController.m */; };
		4368AE171DAE08F5006C38F5 /* DJLineChatListModel.m in Sources */ = {isa = PBXBuildFile; fileRef = 4368AE161DAE08F5006C38F5 /* DJLineChatListModel.m */; };
		4368AE1C1DAE0904006C38F5 /* DJWeatherCell.m in Sources */ = {isa = PBXBuildFile; fileRef = 4368AE191DAE0904006C38F5 /* DJWeatherCell.m */; };
		4368AE1D1DAE0904006C38F5 /* DJWeatherCollectionCell.m in Sources */ = {isa = PBXBuildFile; fileRef = 4368AE1B1DAE0904006C38F5 /* DJWeatherCollectionCell.m */; };
		4368AE201DAE1D11006C38F5 /* LaunchImage.png in Resources */ = {isa = PBXBuildFile; fileRef = 4368AE1F1DAE1D11006C38F5 /* LaunchImage.png */; };
		4368AE261DAE2F0B006C38F5 /* UIImage+ImageEffects.m in Sources */ = {isa = PBXBuildFile; fileRef = 4368AE231DAE2F0B006C38F5 /* UIImage+ImageEffects.m */; };
		4368AE271DAE2F0B006C38F5 /* UIImageView+LBBlurredImage.m in Sources */ = {isa = PBXBuildFile; fileRef = 4368AE251DAE2F0B006C38F5 /* UIImageView+LBBlurredImage.m */; };
/* End PBXBuildFile section */

/* Begin PBXFileReference section */
		4368ADD11DAE07D0006C38F5 /* DJWeather.app */ = {isa = PBXFileReference; explicitFileType = wrapper.application; includeInIndex = 0; path = DJWeather.app; sourceTree = BUILT_PRODUCTS_DIR; };
		4368ADD51DAE07D0006C38F5 /* main.m */ = {isa = PBXFileReference; lastKnownFileType = sourcecode.c.objc; path = main.m; sourceTree = "<group>"; };
		4368ADD71DAE07D0006C38F5 /* AppDelegate.h */ = {isa = PBXFileReference; lastKnownFileType = sourcecode.c.h; path = AppDelegate.h; sourceTree = "<group>"; };
		4368ADD81DAE07D0006C38F5 /* AppDelegate.m */ = {isa = PBXFileReference; lastKnownFileType = sourcecode.c.objc; path = AppDelegate.m; sourceTree = "<group>"; };
		4368ADDA1DAE07D0006C38F5 /* ViewController.h */ = {isa = PBXFileReference; lastKnownFileType = sourcecode.c.h; path = ViewController.h; sourceTree = "<group>"; };
		4368ADDB1DAE07D0006C38F5 /* ViewController.m */ = {isa = PBXFileReference; lastKnownFileType = sourcecode.c.objc; path = ViewController.m; sourceTree = "<group>"; };
		4368ADDE1DAE07D0006C38F5 /* Base */ = {isa = PBXFileReference; lastKnownFileType = file.storyboard; name = Base; path = Base.lproj/Main.storyboard; sourceTree = "<group>"; };
		4368ADE01DAE07D0006C38F5 /* Assets.xcassets */ = {isa = PBXFileReference; lastKnownFileType = folder.assetcatalog; path = Assets.xcassets; sourceTree = "<group>"; };
		4368ADE31DAE07D0006C38F5 /* Base */ = {isa = PBXFileReference; lastKnownFileType = file.storyboard; name = Base; path = Base.lproj/LaunchScreen.storyboard; sourceTree = "<group>"; };
		4368ADE51DAE07D0006C38F5 /* Info.plist */ = {isa = PBXFileReference; lastKnownFileType = text.plist.xml; path = Info.plist; sourceTree = "<group>"; };
		4368ADED1DAE08B1006C38F5 /* Info.plist */ = {isa = PBXFileReference; fileEncoding = 4; lastKnownFileType = text.plist.xml; path = Info.plist; sourceTree = "<group>"; };
		4368ADEE1DAE08B1006C38F5 /* MASCompositeConstraint.h */ = {isa = PBXFileReference; fileEncoding = 4; lastKnownFileType = sourcecode.c.h; path = MASCompositeConstraint.h; sourceTree = "<group>"; };
		4368ADEF1DAE08B1006C38F5 /* MASCompositeConstraint.m */ = {isa = PBXFileReference; fileEncoding = 4; lastKnownFileType = sourcecode.c.objc; path = MASCompositeConstraint.m; sourceTree = "<group>"; };
		4368ADF01DAE08B1006C38F5 /* MASConstraint+Private.h */ = {isa = PBXFileReference; fileEncoding = 4; lastKnownFileType = sourcecode.c.h; path = "MASConstraint+Private.h"; sourceTree = "<group>"; };
		4368ADF11DAE08B1006C38F5 /* MASConstraint.h */ = {isa = PBXFileReference; fileEncoding = 4; lastKnownFileType = sourcecode.c.h; path = MASConstraint.h; sourceTree = "<group>"; };
		4368ADF21DAE08B1006C38F5 /* MASConstraint.m */ = {isa = PBXFileReference; fileEncoding = 4; lastKnownFileType = sourcecode.c.objc; path = MASConstraint.m; sourceTree = "<group>"; };
		4368ADF31DAE08B1006C38F5 /* MASConstraintMaker.h */ = {isa = PBXFileReference; fileEncoding = 4; lastKnownFileType = sourcecode.c.h; path = MASConstraintMaker.h; sourceTree = "<group>"; };
		4368ADF41DAE08B1006C38F5 /* MASConstraintMaker.m */ = {isa = PBXFileReference; fileEncoding = 4; lastKnownFileType = sourcecode.c.objc; path = MASConstraintMaker.m; sourceTree = "<group>"; };
		4368ADF51DAE08B1006C38F5 /* MASLayoutConstraint.h */ = {isa = PBXFileReference; fileEncoding = 4; lastKnownFileType = sourcecode.c.h; path = MASLayoutConstraint.h; sourceTree = "<group>"; };
		4368ADF61DAE08B1006C38F5 /* MASLayoutConstraint.m */ = {isa = PBXFileReference; fileEncoding = 4; lastKnownFileType = sourcecode.c.objc; path = MASLayoutConstraint.m; sourceTree = "<group>"; };
		4368ADF71DAE08B1006C38F5 /* Masonry.h */ = {isa = PBXFileReference; fileEncoding = 4; lastKnownFileType = sourcecode.c.h; path = Masonry.h; sourceTree = "<group>"; };
		4368ADF81DAE08B1006C38F5 /* MASUtilities.h */ = {isa = PBXFileReference; fileEncoding = 4; lastKnownFileType = sourcecode.c.h; path = MASUtilities.h; sourceTree = "<group>"; };
		4368ADF91DAE08B1006C38F5 /* MASViewAttribute.h */ = {isa = PBXFileReference; fileEncoding = 4; lastKnownFileType = sourcecode.c.h; path = MASViewAttribute.h; sourceTree = "<group>"; };
		4368ADFA1DAE08B1006C38F5 /* MASViewAttribute.m */ = {isa = PBXFileReference; fileEncoding = 4; lastKnownFileType = sourcecode.c.objc; path = MASViewAttribute.m; sourceTree = "<group>"; };
		4368ADFB1DAE08B1006C38F5 /* MASViewConstraint.h */ = {isa = PBXFileReference; fileEncoding = 4; lastKnownFileType = sourcecode.c.h; path = MASViewConstraint.h; sourceTree = "<group>"; };
		4368ADFC1DAE08B1006C38F5 /* MASViewConstraint.m */ = {isa = PBXFileReference; fileEncoding = 4; lastKnownFileType = sourcecode.c.objc; path = MASViewConstraint.m; sourceTree = "<group>"; };
		4368ADFD1DAE08B1006C38F5 /* NSArray+MASAdditions.h */ = {isa = PBXFileReference; fileEncoding = 4; lastKnownFileType = sourcecode.c.h; path = "NSArray+MASAdditions.h"; sourceTree = "<group>"; };
		4368ADFE1DAE08B1006C38F5 /* NSArray+MASAdditions.m */ = {isa = PBXFileReference; fileEncoding = 4; lastKnownFileType = sourcecode.c.objc; path = "NSArray+MASAdditions.m"; sourceTree = "<group>"; };
		4368ADFF1DAE08B1006C38F5 /* NSArray+MASShorthandAdditions.h */ = {isa = PBXFileReference; fileEncoding = 4; lastKnownFileType = sourcecode.c.h; path = "NSArray+MASShorthandAdditions.h"; sourceTree = "<group>"; };
		4368AE001DAE08B1006C38F5 /* NSLayoutConstraint+MASDebugAdditions.h */ = {isa = PBXFileReference; fileEncoding = 4; lastKnownFileType = sourcecode.c.h; path = "NSLayoutConstraint+MASDebugAdditions.h"; sourceTree = "<group>"; };
		4368AE011DAE08B1006C38F5 /* NSLayoutConstraint+MASDebugAdditions.m */ = {isa = PBXFileReference; fileEncoding = 4; lastKnownFileType = sourcecode.c.objc; path = "NSLayoutConstraint+MASDebugAdditions.m"; sourceTree = "<group>"; };
		4368AE021DAE08B1006C38F5 /* View+MASAdditions.h */ = {isa = PBXFileReference; fileEncoding = 4; lastKnownFileType = sourcecode.c.h; path = "View+MASAdditions.h"; sourceTree = "<group>"; };
		4368AE031DAE08B1006C38F5 /* View+MASAdditions.m */ = {isa = PBXFileReference; fileEncoding = 4; lastKnownFileType = sourcecode.c.objc; path = "View+MASAdditions.m"; sourceTree = "<group>"; };
		4368AE041DAE08B1006C38F5 /* View+MASShorthandAdditions.h */ = {isa = PBXFileReference; fileEncoding = 4; lastKnownFileType = sourcecode.c.h; path = "View+MASShorthandAdditions.h"; sourceTree = "<group>"; };
		4368AE051DAE08B1006C38F5 /* ViewController+MASAdditions.h */ = {isa = PBXFileReference; fileEncoding = 4; lastKnownFileType = sourcecode.c.h; path = "ViewController+MASAdditions.h"; sourceTree = "<group>"; };
		4368AE061DAE08B1006C38F5 /* ViewController+MASAdditions.m */ = {isa = PBXFileReference; fileEncoding = 4; lastKnownFileType = sourcecode.c.objc; path = "ViewController+MASAdditions.m"; sourceTree = "<group>"; };
		4368AE121DAE08BD006C38F5 /* DJWeatherController.h */ = {isa = PBXFileReference; fileEncoding = 4; lastKnownFileType = sourcecode.c.h; path = DJWeatherController.h; sourceTree = "<group>"; };
		4368AE131DAE08BD006C38F5 /* DJWeatherController.m */ = {isa = PBXFileReference; fileEncoding = 4; lastKnownFileType = sourcecode.c.objc; path = DJWeatherController.m; sourceTree = "<group>"; };
		4368AE151DAE08F5006C38F5 /* DJLineChatListModel.h */ = {isa = PBXFileReference; fileEncoding = 4; lastKnownFileType = sourcecode.c.h; path = DJLineChatListModel.h; sourceTree = "<group>"; };
		4368AE161DAE08F5006C38F5 /* DJLineChatListModel.m */ = {isa = PBXFileReference; fileEncoding = 4; lastKnownFileType = sourcecode.c.objc; path = DJLineChatListModel.m; sourceTree = "<group>"; };
		4368AE181DAE0904006C38F5 /* DJWeatherCell.h */ = {isa = PBXFileReference; fileEncoding = 4; lastKnownFileType = sourcecode.c.h; path = DJWeatherCell.h; sourceTree = "<group>"; };
		4368AE191DAE0904006C38F5 /* DJWeatherCell.m */ = {isa = PBXFileReference; fileEncoding = 4; lastKnownFileType = sourcecode.c.objc; path = DJWeatherCell.m; sourceTree = "<group>"; };
		4368AE1A1DAE0904006C38F5 /* DJWeatherCollectionCell.h */ = {isa = PBXFileReference; fileEncoding = 4; lastKnownFileType = sourcecode.c.h; path = DJWeatherCollectionCell.h; sourceTree = "<group>"; };
		4368AE1B1DAE0904006C38F5 /* DJWeatherCollectionCell.m */ = {isa = PBXFileReference; fileEncoding = 4; lastKnownFileType = sourcecode.c.objc; path = DJWeatherCollectionCell.m; sourceTree = "<group>"; };
		4368AE1E1DAE0920006C38F5 /* DJDefines.h */ = {isa = PBXFileReference; lastKnownFileType = sourcecode.c.h; path = DJDefines.h; sourceTree = "<group>"; };
		4368AE1F1DAE1D11006C38F5 /* LaunchImage.png */ = {isa = PBXFileReference; lastKnownFileType = image.png; path = LaunchImage.png; sourceTree = "<group>"; };
		4368AE221DAE2F0B006C38F5 /* UIImage+ImageEffects.h */ = {isa = PBXFileReference; fileEncoding = 4; lastKnownFileType = sourcecode.c.h; path = "UIImage+ImageEffects.h"; sourceTree = "<group>"; };
		4368AE231DAE2F0B006C38F5 /* UIImage+ImageEffects.m */ = {isa = PBXFileReference; fileEncoding = 4; lastKnownFileType = sourcecode.c.objc; path = "UIImage+ImageEffects.m"; sourceTree = "<group>"; };
		4368AE241DAE2F0B006C38F5 /* UIImageView+LBBlurredImage.h */ = {isa = PBXFileReference; fileEncoding = 4; lastKnownFileType = sourcecode.c.h; path = "UIImageView+LBBlurredImage.h"; sourceTree = "<group>"; };
		4368AE251DAE2F0B006C38F5 /* UIImageView+LBBlurredImage.m */ = {isa = PBXFileReference; fileEncoding = 4; lastKnownFileType = sourcecode.c.objc; path = "UIImageView+LBBlurredImage.m"; sourceTree = "<group>"; };
/* End PBXFileReference section */

/* Begin PBXFrameworksBuildPhase section */
		4368ADCE1DAE07D0006C38F5 /* Frameworks */ = {
			isa = PBXFrameworksBuildPhase;
			buildActionMask = 2147483647;
			files = (
			);
			runOnlyForDeploymentPostprocessing = 0;
		};
/* End PBXFrameworksBuildPhase section */

/* Begin PBXGroup section */
		4368ADC81DAE07D0006C38F5 = {
			isa = PBXGroup;
			children = (
				4368ADD31DAE07D0006C38F5 /* DJWeather */,
				4368ADD21DAE07D0006C38F5 /* Products */,
			);
			sourceTree = "<group>";
		};
		4368ADD21DAE07D0006C38F5 /* Products */ = {
			isa = PBXGroup;
			children = (
				4368ADD11DAE07D0006C38F5 /* DJWeather.app */,
			);
			name = Products;
			sourceTree = "<group>";
		};
		4368ADD31DAE07D0006C38F5 /* DJWeather */ = {
			isa = PBXGroup;
			children = (
				4368AE211DAE2F0B006C38F5 /* LBBlurredImage */,
				4368ADEC1DAE08B1006C38F5 /* Masonry */,
				4368ADEB1DAE0856006C38F5 /* Class */,
				4368ADD71DAE07D0006C38F5 /* AppDelegate.h */,
				4368ADD81DAE07D0006C38F5 /* AppDelegate.m */,
				4368ADDA1DAE07D0006C38F5 /* ViewController.h */,
				4368ADDB1DAE07D0006C38F5 /* ViewController.m */,
				4368ADDD1DAE07D0006C38F5 /* Main.storyboard */,
				4368ADE01DAE07D0006C38F5 /* Assets.xcassets */,
				4368ADE21DAE07D0006C38F5 /* LaunchScreen.storyboard */,
				4368ADE51DAE07D0006C38F5 /* Info.plist */,
				4368ADD41DAE07D0006C38F5 /* Supporting Files */,
			);
			path = DJWeather;
			sourceTree = "<group>";
		};
		4368ADD41DAE07D0006C38F5 /* Supporting Files */ = {
			isa = PBXGroup;
			children = (
				4368ADD51DAE07D0006C38F5 /* main.m */,
			);
			name = "Supporting Files";
			sourceTree = "<group>";
		};
		4368ADEB1DAE0856006C38F5 /* Class */ = {
			isa = PBXGroup;
			children = (
				4368AE1F1DAE1D11006C38F5 /* LaunchImage.png */,
				4368AE151DAE08F5006C38F5 /* DJLineChatListModel.h */,
				4368AE161DAE08F5006C38F5 /* DJLineChatListModel.m */,
				4368AE181DAE0904006C38F5 /* DJWeatherCell.h */,
				4368AE191DAE0904006C38F5 /* DJWeatherCell.m */,
				4368AE1A1DAE0904006C38F5 /* DJWeatherCollectionCell.h */,
				4368AE1B1DAE0904006C38F5 /* DJWeatherCollectionCell.m */,
				4368AE121DAE08BD006C38F5 /* DJWeatherController.h */,
				4368AE131DAE08BD006C38F5 /* DJWeatherController.m */,
				4368AE1E1DAE0920006C38F5 /* DJDefines.h */,
			);
			path = Class;
			sourceTree = "<group>";
		};
		4368ADEC1DAE08B1006C38F5 /* Masonry */ = {
			isa = PBXGroup;
			children = (
				4368ADED1DAE08B1006C38F5 /* Info.plist */,
				4368ADEE1DAE08B1006C38F5 /* MASCompositeConstraint.h */,
				4368ADEF1DAE08B1006C38F5 /* MASCompositeConstraint.m */,
				4368ADF01DAE08B1006C38F5 /* MASConstraint+Private.h */,
				4368ADF11DAE08B1006C38F5 /* MASConstraint.h */,
				4368ADF21DAE08B1006C38F5 /* MASConstraint.m */,
				4368ADF31DAE08B1006C38F5 /* MASConstraintMaker.h */,
				4368ADF41DAE08B1006C38F5 /* MASConstraintMaker.m */,
				4368ADF51DAE08B1006C38F5 /* MASLayoutConstraint.h */,
				4368ADF61DAE08B1006C38F5 /* MASLayoutConstraint.m */,
				4368ADF71DAE08B1006C38F5 /* Masonry.h */,
				4368ADF81DAE08B1006C38F5 /* MASUtilities.h */,
				4368ADF91DAE08B1006C38F5 /* MASViewAttribute.h */,
				4368ADFA1DAE08B1006C38F5 /* MASViewAttribute.m */,
				4368ADFB1DAE08B1006C38F5 /* MASViewConstraint.h */,
				4368ADFC1DAE08B1006C38F5 /* MASViewConstraint.m */,
				4368ADFD1DAE08B1006C38F5 /* NSArray+MASAdditions.h */,
				4368ADFE1DAE08B1006C38F5 /* NSArray+MASAdditions.m */,
				4368ADFF1DAE08B1006C38F5 /* NSArray+MASShorthandAdditions.h */,
				4368AE001DAE08B1006C38F5 /* NSLayoutConstraint+MASDebugAdditions.h */,
				4368AE011DAE08B1006C38F5 /* NSLayoutConstraint+MASDebugAdditions.m */,
				4368AE021DAE08B1006C38F5 /* View+MASAdditions.h */,
				4368AE031DAE08B1006C38F5 /* View+MASAdditions.m */,
				4368AE041DAE08B1006C38F5 /* View+MASShorthandAdditions.h */,
				4368AE051DAE08B1006C38F5 /* ViewController+MASAdditions.h */,
				4368AE061DAE08B1006C38F5 /* ViewController+MASAdditions.m */,
			);
			path = Masonry;
			sourceTree = "<group>";
		};
		4368AE211DAE2F0B006C38F5 /* LBBlurredImage */ = {
			isa = PBXGroup;
			children = (
				4368AE221DAE2F0B006C38F5 /* UIImage+ImageEffects.h */,
				4368AE231DAE2F0B006C38F5 /* UIImage+ImageEffects.m */,
				4368AE241DAE2F0B006C38F5 /* UIImageView+LBBlurredImage.h */,
				4368AE251DAE2F0B006C38F5 /* UIImageView+LBBlurredImage.m */,
			);
			path = LBBlurredImage;
			sourceTree = "<group>";
		};
/* End PBXGroup section */

/* Begin PBXNativeTarget section */
		4368ADD01DAE07D0006C38F5 /* DJWeather */ = {
			isa = PBXNativeTarget;
			buildConfigurationList = 4368ADE81DAE07D0006C38F5 /* Build configuration list for PBXNativeTarget "DJWeather" */;
			buildPhases = (
				4368ADCD1DAE07D0006C38F5 /* Sources */,
				4368ADCE1DAE07D0006C38F5 /* Frameworks */,
				4368ADCF1DAE07D0006C38F5 /* Resources */,
			);
			buildRules = (
			);
			dependencies = (
			);
			name = DJWeather;
			productName = DJWeather;
			productReference = 4368ADD11DAE07D0006C38F5 /* DJWeather.app */;
			productType = "com.apple.product-type.application";
		};
/* End PBXNativeTarget section */

/* Begin PBXProject section */
		4368ADC91DAE07D0006C38F5 /* Project object */ = {
			isa = PBXProject;
			attributes = {
				LastUpgradeCheck = 0800;
				ORGANIZATIONNAME = DJ_H;
				TargetAttributes = {
					4368ADD01DAE07D0006C38F5 = {
						CreatedOnToolsVersion = 8.0;
						ProvisioningStyle = Automatic;
					};
				};
			};
			buildConfigurationList = 4368ADCC1DAE07D0006C38F5 /* Build configuration list for PBXProject "DJWeather" */;
			compatibilityVersion = "Xcode 3.2";
			developmentRegion = English;
			hasScannedForEncodings = 0;
			knownRegions = (
				en,
				Base,
			);
			mainGroup = 4368ADC81DAE07D0006C38F5;
			productRefGroup = 4368ADD21DAE07D0006C38F5 /* Products */;
			projectDirPath = "";
			projectRoot = "";
			targets = (
				4368ADD01DAE07D0006C38F5 /* DJWeather */,
			);
		};
/* End PBXProject section */

/* Begin PBXResourcesBuildPhase section */
		4368ADCF1DAE07D0006C38F5 /* Resources */ = {
			isa = PBXResourcesBuildPhase;
			buildActionMask = 2147483647;
			files = (
				4368AE071DAE08B1006C38F5 /* Info.plist in Resources */,
				4368AE201DAE1D11006C38F5 /* LaunchImage.png in Resources */,
				4368ADE41DAE07D0006C38F5 /* LaunchScreen.storyboard in Resources */,
				4368ADE11DAE07D0006C38F5 /* Assets.xcassets in Resources */,
				4368ADDF1DAE07D0006C38F5 /* Main.storyboard in Resources */,
			);
			runOnlyForDeploymentPostprocessing = 0;
		};
/* End PBXResourcesBuildPhase section */

/* Begin PBXSourcesBuildPhase section */
		4368ADCD1DAE07D0006C38F5 /* Sources */ = {
			isa = PBXSourcesBuildPhase;
			buildActionMask = 2147483647;
			files = (
				4368AE0F1DAE08B1006C38F5 /* NSLayoutConstraint+MASDebugAdditions.m in Sources */,
				4368AE0D1DAE08B1006C38F5 /* MASViewConstraint.m in Sources */,
				4368AE081DAE08B1006C38F5 /* MASCompositeConstraint.m in Sources */,
				4368AE0E1DAE08B1006C38F5 /* NSArray+MASAdditions.m in Sources */,
				4368ADDC1DAE07D0006C38F5 /* ViewController.m in Sources */,
				4368AE1D1DAE0904006C38F5 /* DJWeatherCollectionCell.m in Sources */,
				4368ADD91DAE07D0006C38F5 /* AppDelegate.m in Sources */,
				4368AE171DAE08F5006C38F5 /* DJLineChatListModel.m in Sources */,
				4368AE0B1DAE08B1006C38F5 /* MASLayoutConstraint.m in Sources */,
				4368AE1C1DAE0904006C38F5 /* DJWeatherCell.m in Sources */,
				4368ADD61DAE07D0006C38F5 /* main.m in Sources */,
				4368AE111DAE08B1006C38F5 /* ViewController+MASAdditions.m in Sources */,
				4368AE101DAE08B1006C38F5 /* View+MASAdditions.m in Sources */,
				4368AE141DAE08BD006C38F5 /* DJWeatherController.m in Sources */,
				4368AE261DAE2F0B006C38F5 /* UIImage+ImageEffects.m in Sources */,
				4368AE0C1DAE08B1006C38F5 /* MASViewAttribute.m in Sources */,
				4368AE271DAE2F0B006C38F5 /* UIImageView+LBBlurredImage.m in Sources */,
				4368AE091DAE08B1006C38F5 /* MASConstraint.m in Sources */,
				4368AE0A1DAE08B1006C38F5 /* MASConstraintMaker.m in Sources */,
			);
			runOnlyForDeploymentPostprocessing = 0;
		};
/* End PBXSourcesBuildPhase section */

/* Begin PBXVariantGroup section */
		4368ADDD1DAE07D0006C38F5 /* Main.storyboard */ = {
			isa = PBXVariantGroup;
			children = (
				4368ADDE1DAE07D0006C38F5 /* Base */,
			);
			name = Main.storyboard;
			sourceTree = "<group>";
		};
		4368ADE21DAE07D0006C38F5 /* LaunchScreen.storyboard */ = {
			isa = PBXVariantGroup;
			children = (
				4368ADE31DAE07D0006C38F5 /* Base */,
			);
			name = LaunchScreen.storyboard;
			sourceTree = "<group>";
		};
/* End PBXVariantGroup section */

/* Begin XCBuildConfiguration section */
		4368ADE61DAE07D0006C38F5 /* Debug */ = {
			isa = XCBuildConfiguration;
			buildSettings = {
				ALWAYS_SEARCH_USER_PATHS = NO;
				CLANG_ANALYZER_NONNULL = YES;
				CLANG_CXX_LANGUAGE_STANDARD = "gnu++0x";
				CLANG_CXX_LIBRARY = "libc++";
				CLANG_ENABLE_MODULES = YES;
				CLANG_ENABLE_OBJC_ARC = YES;
				CLANG_WARN_BOOL_CONVERSION = YES;
				CLANG_WARN_CONSTANT_CONVERSION = YES;
				CLANG_WARN_DIRECT_OBJC_ISA_USAGE = YES_ERROR;
				CLANG_WARN_DOCUMENTATION_COMMENTS = YES;
				CLANG_WARN_EMPTY_BODY = YES;
				CLANG_WARN_ENUM_CONVERSION = YES;
				CLANG_WARN_INFINITE_RECURSION = YES;
				CLANG_WARN_INT_CONVERSION = YES;
				CLANG_WARN_OBJC_ROOT_CLASS = YES_ERROR;
				CLANG_WARN_SUSPICIOUS_MOVES = YES;
				CLANG_WARN_UNREACHABLE_CODE = YES;
				CLANG_WARN__DUPLICATE_METHOD_MATCH = YES;
				"CODE_SIGN_IDENTITY[sdk=iphoneos*]" = "iPhone Developer";
				COPY_PHASE_STRIP = NO;
				DEBUG_INFORMATION_FORMAT = dwarf;
				ENABLE_STRICT_OBJC_MSGSEND = YES;
				ENABLE_TESTABILITY = YES;
				GCC_C_LANGUAGE_STANDARD = gnu99;
				GCC_DYNAMIC_NO_PIC = NO;
				GCC_NO_COMMON_BLOCKS = YES;
				GCC_OPTIMIZATION_LEVEL = 0;
				GCC_PREPROCESSOR_DEFINITIONS = (
					"DEBUG=1",
					"$(inherited)",
				);
				GCC_WARN_64_TO_32_BIT_CONVERSION = YES;
				GCC_WARN_ABOUT_RETURN_TYPE = YES_ERROR;
				GCC_WARN_UNDECLARED_SELECTOR = YES;
				GCC_WARN_UNINITIALIZED_AUTOS = YES_AGGRESSIVE;
				GCC_WARN_UNUSED_FUNCTION = YES;
				GCC_WARN_UNUSED_VARIABLE = YES;
				IPHONEOS_DEPLOYMENT_TARGET = 10.0;
				MTL_ENABLE_DEBUG_INFO = YES;
				ONLY_ACTIVE_ARCH = YES;
				SDKROOT = iphoneos;
			};
			name = Debug;
		};
		4368ADE71DAE07D0006C38F5 /* Release */ = {
			isa = XCBuildConfiguration;
			buildSettings = {
				ALWAYS_SEARCH_USER_PATHS = NO;
				CLANG_ANALYZER_NONNULL = YES;
				CLANG_CXX_LANGUAGE_STANDARD = "gnu++0x";
				CLANG_CXX_LIBRARY = "libc++";
				CLANG_ENABLE_MODULES = YES;
				CLANG_ENABLE_OBJC_ARC = YES;
				CLANG_WARN_BOOL_CONVERSION = YES;
				CLANG_WARN_CONSTANT_CONVERSION = YES;
				CLANG_WARN_DIRECT_OBJC_ISA_USAGE = YES_ERROR;
				CLANG_WARN_DOCUMENTATION_COMMENTS = YES;
				CLANG_WARN_EMPTY_BODY = YES;
				CLANG_WARN_ENUM_CONVERSION = YES;
				CLANG_WARN_INFINITE_RECURSION = YES;
				CLANG_WARN_INT_CONVERSION = YES;
				CLANG_WARN_OBJC_ROOT_CLASS = YES_ERROR;
				CLANG_WARN_SUSPICIOUS_MOVES = YES;
				CLANG_WARN_UNREACHABLE_CODE = YES;
				CLANG_WARN__DUPLICATE_METHOD_MATCH = YES;
				"CODE_SIGN_IDENTITY[sdk=iphoneos*]" = "iPhone Developer";
				COPY_PHASE_STRIP = NO;
				DEBUG_INFORMATION_FORMAT = "dwarf-with-dsym";
				ENABLE_NS_ASSERTIONS = NO;
				ENABLE_STRICT_OBJC_MSGSEND = YES;
				GCC_C_LANGUAGE_STANDARD = gnu99;
				GCC_NO_COMMON_BLOCKS = YES;
				GCC_WARN_64_TO_32_BIT_CONVERSION = YES;
				GCC_WARN_ABOUT_RETURN_TYPE = YES_ERROR;
				GCC_WARN_UNDECLARED_SELECTOR = YES;
				GCC_WARN_UNINITIALIZED_AUTOS = YES_AGGRESSIVE;
				GCC_WARN_UNUSED_FUNCTION = YES;
				GCC_WARN_UNUSED_VARIABLE = YES;
				IPHONEOS_DEPLOYMENT_TARGET = 10.0;
				MTL_ENABLE_DEBUG_INFO = NO;
				SDKROOT = iphoneos;
				VALIDATE_PRODUCT = YES;
			};
			name = Release;
		};
		4368ADE91DAE07D0006C38F5 /* Debug */ = {
			isa = XCBuildConfiguration;
			buildSettings = {
				ASSETCATALOG_COMPILER_APPICON_NAME = AppIcon;
				INFOPLIST_FILE = DJWeather/Info.plist;
				LD_RUNPATH_SEARCH_PATHS = "$(inherited) @executable_path/Frameworks";
				PRODUCT_BUNDLE_IDENTIFIER = com.DJ.DJWeather;
				PRODUCT_NAME = "$(TARGET_NAME)";
			};
			name = Debug;
		};
		4368ADEA1DAE07D0006C38F5 /* Release */ = {
			isa = XCBuildConfiguration;
			buildSettings = {
				ASSETCATALOG_COMPILER_APPICON_NAME = AppIcon;
				INFOPLIST_FILE = DJWeather/Info.plist;
				LD_RUNPATH_SEARCH_PATHS = "$(inherited) @executable_path/Frameworks";
				PRODUCT_BUNDLE_IDENTIFIER = com.DJ.DJWeather;
				PRODUCT_NAME = "$(TARGET_NAME)";
			};
			name = Release;
		};
/* End XCBuildConfiguration section */

/* Begin XCConfigurationList section */
		4368ADCC1DAE07D0006C38F5 /* Build configuration list for PBXProject "DJWeather" */ = {
			isa = XCConfigurationList;
			buildConfigurations = (
				4368ADE61DAE07D0006C38F5 /* Debug */,
				4368ADE71DAE07D0006C38F5 /* Release */,
			);
			defaultConfigurationIsVisible = 0;
			defaultConfigurationName = Release;
		};
		4368ADE81DAE07D0006C38F5 /* Build configuration list for PBXNativeTarget "DJWeather" */ = {
			isa = XCConfigurationList;
			buildConfigurations = (
				4368ADE91DAE07D0006C38F5 /* Debug */,
				4368ADEA1DAE07D0006C38F5 /* Release */,
			);
			defaultConfigurationIsVisible = 0;
			defaultConfigurationName = Release;
		};
/* End XCConfigurationList section */
	};
	rootObject = 4368ADC91DAE07D0006C38F5 /* Project object */;
}
